
Microsoft Visual Studio Solution File, Format Version 12.00
# Visual Studio Version 16
VisualStudioVersion = 16.0.30523.141
MinimumVisualStudioVersion = 10.0.40219.1
Project("{FAE04EC0-301F-11D3-BF4B-00C04F79EFBC}") = "DEmos", "DEmos.csproj", "{C35F5057-CEB5-448A-9FE6-76DC8D44DF0F}"
EndProject
Global
	GlobalSection(SolutionConfigurationPlatforms) = preSolution
		Debug|Any CPU = Debug|Any CPU
		Release|Any CPU = Release|Any CPU
	EndGlobalSection
	GlobalSection(ProjectConfigurationPlatforms) = postSolution
		{C35F5057-CEB5-448A-9FE6-76DC8D44DF0F}.Debug|Any CPU.ActiveCfg = Debug|Any CPU
		{C35F5057-CEB5-448A-9FE6-76DC8D44DF0F}.Debug|Any CPU.Build.0 = Debug|Any CPU
		{C35F5057-CEB5-448A-9FE6-76DC8D44DF0F}.Release|Any CPU.ActiveCfg = Release|Any CPU
		{C35F5057-CEB5-448A-9FE6-76DC8D44DF0F}.Release|Any CPU.Build.0 = Release|Any CPU
	EndGlobalSection
	GlobalSection(SolutionProperties) = preSolution
		HideSolutionNode = FALSE
	EndGlobalSection
	GlobalSection(ExtensibilityGlobals) = postSolution
		SolutionGuid = {65E9BA81-C819-4BB1-96C0-19D5A039FC6E}
	EndGlobalSection
EndGlobal
